
Microsoft Visual Studio Solution File, Format Version 12.00
# Visual Studio Version 16
VisualStudioVersion = 16.0.31105.61
MinimumVisualStudioVersion = 10.0.40219.1
Project("{FAE04EC0-301F-11D3-BF4B-00C04F79EFBC}") = "Action", "Action\Action.csproj", "{20B301D8-2692-4436-9CB7-1B1172426C74}"
EndProject
Global
	GlobalSection(SolutionConfigurationPlatforms) = preSolution
		Debug|Any CPU = Debug|Any CPU
		Release|Any CPU = Release|Any CPU
	EndGlobalSection
	GlobalSection(ProjectConfigurationPlatforms) = postSolution
		{20B301D8-2692-4436-9CB7-1B1172426C74}.Debug|Any CPU.ActiveCfg = Debug|Any CPU
		{20B301D8-2692-4436-9CB7-1B1172426C74}.Debug|Any CPU.Build.0 = Debug|Any CPU
		{20B301D8-2692-4436-9CB7-1B1172426C74}.Release|Any CPU.ActiveCfg = Release|Any CPU
		{20B301D8-2692-4436-9CB7-1B1172426C74}.Release|Any CPU.Build.0 = Release|Any CPU
	EndGlobalSection
	GlobalSection(SolutionProperties) = preSolution
		HideSolutionNode = FALSE
	EndGlobalSection
	GlobalSection(ExtensibilityGlobals) = postSolution
		SolutionGuid = {EF16106A-593F-4FAF-94D5-80280617BC19}
	EndGlobalSection
EndGlobal
