
Microsoft Visual Studio Solution File, Format Version 12.00
# Visual Studio Version 16
VisualStudioVersion = 16.0.30804.86
MinimumVisualStudioVersion = 10.0.40219.1
Project("{FAE04EC0-301F-11D3-BF4B-00C04F79EFBC}") = "ControleFluxoIfElse", "ControleFluxoIfElse\ControleFluxoIfElse.csproj", "{21CCD850-EE54-48E3-AEC9-55CA89670E6B}"
EndProject
Global
	GlobalSection(SolutionConfigurationPlatforms) = preSolution
		Debug|Any CPU = Debug|Any CPU
		Release|Any CPU = Release|Any CPU
	EndGlobalSection
	GlobalSection(ProjectConfigurationPlatforms) = postSolution
		{21CCD850-EE54-48E3-AEC9-55CA89670E6B}.Debug|Any CPU.ActiveCfg = Debug|Any CPU
		{21CCD850-EE54-48E3-AEC9-55CA89670E6B}.Debug|Any CPU.Build.0 = Debug|Any CPU
		{21CCD850-EE54-48E3-AEC9-55CA89670E6B}.Release|Any CPU.ActiveCfg = Release|Any CPU
		{21CCD850-EE54-48E3-AEC9-55CA89670E6B}.Release|Any CPU.Build.0 = Release|Any CPU
	EndGlobalSection
	GlobalSection(SolutionProperties) = preSolution
		HideSolutionNode = FALSE
	EndGlobalSection
	GlobalSection(ExtensibilityGlobals) = postSolution
		SolutionGuid = {EE3116F7-A3FE-4E1C-AB79-9E84129E9136}
	EndGlobalSection
EndGlobal
