
Microsoft Visual Studio Solution File, Format Version 12.00
# Visual Studio Version 16
VisualStudioVersion = 16.0.30804.86
MinimumVisualStudioVersion = 10.0.40219.1
Project("{FAE04EC0-301F-11D3-BF4B-00C04F79EFBC}") = "Nullable_Types", "Nullable_Types\Nullable_Types.csproj", "{7607CACC-AFC9-4D38-B6E2-DBB437C28A3A}"
EndProject
Global
	GlobalSection(SolutionConfigurationPlatforms) = preSolution
		Debug|Any CPU = Debug|Any CPU
		Release|Any CPU = Release|Any CPU
	EndGlobalSection
	GlobalSection(ProjectConfigurationPlatforms) = postSolution
		{7607CACC-AFC9-4D38-B6E2-DBB437C28A3A}.Debug|Any CPU.ActiveCfg = Debug|Any CPU
		{7607CACC-AFC9-4D38-B6E2-DBB437C28A3A}.Debug|Any CPU.Build.0 = Debug|Any CPU
		{7607CACC-AFC9-4D38-B6E2-DBB437C28A3A}.Release|Any CPU.ActiveCfg = Release|Any CPU
		{7607CACC-AFC9-4D38-B6E2-DBB437C28A3A}.Release|Any CPU.Build.0 = Release|Any CPU
	EndGlobalSection
	GlobalSection(SolutionProperties) = preSolution
		HideSolutionNode = FALSE
	EndGlobalSection
	GlobalSection(ExtensibilityGlobals) = postSolution
		SolutionGuid = {3F2CA90F-5FEE-45EC-B38E-C30315577706}
	EndGlobalSection
EndGlobal
